SITE
  remote: https://supermarket.getchef.com/api/v1
  specs:
    apt (2.6.1)
    chef_handler (1.1.6)

GIT
  remote: https://github.com/hw-labs/http-fail-cookbook.git
  ref: master
  sha: 04dab0b1039839f90f72163866838f38af1ee576
  specs:
    http-fail (0.1.0)

GIT
  remote: https://github.com/hw-labs/teapot-handler-cookbook.git
  ref: master
  sha: 715318d723eeec7434726f015fa360e18577ee46
  specs:
    teapot-handler (0.1.0)
      chef_handler (>= 0.0.0)

PATH
  remote: .
  specs:
    test-cookbook (1.0.0)
      http-fail (>= 0.0.0)

DEPENDENCIES
  apt (>= 0)
  chef_handler (>= 0)
  http-fail (>= 0)
  teapot-handler (>= 0)
  test-cookbook (>= 0)

